
Microsoft Visual Studio Solution File, Format Version 12.00
Project("{FAE04EC0-301F-11D3-BF4B-00C04F79EFBC}") = "WellTracker.Tools", "WellTracker.Tools\WellTracker.Tools.csproj", "{EA327994-BA86-479D-9793-90E422875304}"
EndProject
Project("{FAE04EC0-301F-11D3-BF4B-00C04F79EFBC}") = "Infra", "Infra\Infra.csproj", "{34942211-709A-4BBD-8C91-D3BC6926A989}"
EndProject
Project("{FAE04EC0-301F-11D3-BF4B-00C04F79EFBC}") = "FoodsParserV2", "FoodsParserV2\FoodsParserV2.csproj", "{B32F5368-F7AC-49C4-B66E-1D4DA53D1481}"
EndProject
Project("{FAE04EC0-301F-11D3-BF4B-00C04F79EFBC}") = "Domain", "..\API\Domain\Domain.csproj", "{F298ED87-B642-436C-A5A9-28C3E9304A98}"
EndProject
Global
	GlobalSection(SolutionConfigurationPlatforms) = preSolution
		Debug|Any CPU = Debug|Any CPU
		Release|Any CPU = Release|Any CPU
	EndGlobalSection
	GlobalSection(ProjectConfigurationPlatforms) = postSolution
		{EA327994-BA86-479D-9793-90E422875304}.Debug|Any CPU.ActiveCfg = Debug|Any CPU
		{EA327994-BA86-479D-9793-90E422875304}.Debug|Any CPU.Build.0 = Debug|Any CPU
		{EA327994-BA86-479D-9793-90E422875304}.Release|Any CPU.ActiveCfg = Release|Any CPU
		{EA327994-BA86-479D-9793-90E422875304}.Release|Any CPU.Build.0 = Release|Any CPU
		{34942211-709A-4BBD-8C91-D3BC6926A989}.Debug|Any CPU.ActiveCfg = Debug|Any CPU
		{34942211-709A-4BBD-8C91-D3BC6926A989}.Debug|Any CPU.Build.0 = Debug|Any CPU
		{34942211-709A-4BBD-8C91-D3BC6926A989}.Release|Any CPU.ActiveCfg = Release|Any CPU
		{34942211-709A-4BBD-8C91-D3BC6926A989}.Release|Any CPU.Build.0 = Release|Any CPU
		{B32F5368-F7AC-49C4-B66E-1D4DA53D1481}.Debug|Any CPU.ActiveCfg = Debug|Any CPU
		{B32F5368-F7AC-49C4-B66E-1D4DA53D1481}.Debug|Any CPU.Build.0 = Debug|Any CPU
		{B32F5368-F7AC-49C4-B66E-1D4DA53D1481}.Release|Any CPU.ActiveCfg = Release|Any CPU
		{B32F5368-F7AC-49C4-B66E-1D4DA53D1481}.Release|Any CPU.Build.0 = Release|Any CPU
		{F298ED87-B642-436C-A5A9-28C3E9304A98}.Debug|Any CPU.ActiveCfg = Debug|Any CPU
		{F298ED87-B642-436C-A5A9-28C3E9304A98}.Debug|Any CPU.Build.0 = Debug|Any CPU
		{F298ED87-B642-436C-A5A9-28C3E9304A98}.Release|Any CPU.ActiveCfg = Release|Any CPU
		{F298ED87-B642-436C-A5A9-28C3E9304A98}.Release|Any CPU.Build.0 = Release|Any CPU
	EndGlobalSection
EndGlobal
